DEPENDENCIES
  berkit
    path: .
    metadata: true
  britomartis
    path: ../britomartis
  kris
    path: ../kris
  quick_start (~> 0.7.0)

GRAPH
  apt (2.9.2)
  apt-chef (0.2.0)
    apt (>= 0.0.0)
  berkit (0.0.0)
  britomartis (0.1.0)
  chef-dk (3.1.0)
    dmg (~> 2.2)
  chef-ingredient (0.11.3)
    apt-chef (>= 0.0.0)
    yum-chef (>= 0.0.0)
  chef-server (4.1.0)
    chef-ingredient (>= 0.11.0)
  dmg (2.3.0)
  kris (0.1.0)
    chef-dk (>= 0.0.0)
    chef-server (>= 0.0.0)
  quick_start (0.7.0)
  yum (3.8.2)
  yum-chef (0.2.1)
    yum (>= 3.2)
